
Microsoft Visual Studio Solution File, Format Version 12.00
# Visual Studio Version 17
VisualStudioVersion = 17.2.32519.379
MinimumVisualStudioVersion = 10.0.40219.1
Project("{FAE04EC0-301F-11D3-BF4B-00C04F79EFBC}") = "StoreApp", "StoreApp\StoreApp.csproj", "{39520EB8-A684-4510-9D2D-01CAFBAE0D41}"
EndProject
Global
	GlobalSection(SolutionConfigurationPlatforms) = preSolution
		Debug|Any CPU = Debug|Any CPU
		Release|Any CPU = Release|Any CPU
	EndGlobalSection
	GlobalSection(ProjectConfigurationPlatforms) = postSolution
		{39520EB8-A684-4510-9D2D-01CAFBAE0D41}.Debug|Any CPU.ActiveCfg = Debug|Any CPU
		{39520EB8-A684-4510-9D2D-01CAFBAE0D41}.Debug|Any CPU.Build.0 = Debug|Any CPU
		{39520EB8-A684-4510-9D2D-01CAFBAE0D41}.Release|Any CPU.ActiveCfg = Release|Any CPU
		{39520EB8-A684-4510-9D2D-01CAFBAE0D41}.Release|Any CPU.Build.0 = Release|Any CPU
	EndGlobalSection
	GlobalSection(SolutionProperties) = preSolution
		HideSolutionNode = FALSE
	EndGlobalSection
	GlobalSection(ExtensibilityGlobals) = postSolution
		SolutionGuid = {B5690947-17B1-423F-BCC1-F88DC086C8BB}
	EndGlobalSection
EndGlobal
